// !$*UTF8*$!
{
	archiveVersion = 1;
	classes = {
	};
	objectVersion = 50;
	objects = {

/* Begin PBXBuildFile section */
		BA4DE01526518D9D004A4431 /* AppDelegate.swift in Sources */ = {isa = PBXBuildFile; fileRef = BA4DE01426518D9D004A4431 /* AppDelegate.swift */; };
		BA4DE01726518D9D004A4431 /* SceneDelegate.swift in Sources */ = {isa = PBXBuildFile; fileRef = BA4DE01626518D9D004A4431 /* SceneDelegate.swift */; };
		BA4DE01926518D9D004A4431 /* ViewController.swift in Sources */ = {isa = PBXBuildFile; fileRef = BA4DE01826518D9D004A4431 /* ViewController.swift */; };
		BA4DE01C26518D9D004A4431 /* Main.storyboard in Resources */ = {isa = PBXBuildFile; fileRef = BA4DE01A26518D9D004A4431 /* Main.storyboard */; };
		BA4DE01F26518D9D004A4431 /* githubPairsTest2.xcdatamodeld in Sources */ = {isa = PBXBuildFile; fileRef = BA4DE01D26518D9D004A4431 /* githubPairsTest2.xcdatamodeld */; };
		BA4DE02126518DA5004A4431 /* Assets.xcassets in Resources */ = {isa = PBXBuildFile; fileRef = BA4DE02026518DA5004A4431 /* Assets.xcassets */; };
		BA4DE02426518DA5004A4431 /* LaunchScreen.storyboard in Resources */ = {isa = PBXBuildFile; fileRef = BA4DE02226518DA5004A4431 /* LaunchScreen.storyboard */; };
		BA4DE02F26518DA5004A4431 /* githubPairsTest2Tests.swift in Sources */ = {isa = PBXBuildFile; fileRef = BA4DE02E26518DA5004A4431 /* githubPairsTest2Tests.swift */; };
		BA4DE03A26518DA6004A4431 /* githubPairsTest2UITests.swift in Sources */ = {isa = PBXBuildFile; fileRef = BA4DE03926518DA6004A4431 /* githubPairsTest2UITests.swift */; };
/* End PBXBuildFile section */

/* Begin PBXContainerItemProxy section */
		BA4DE02B26518DA5004A4431 /* PBXContainerItemProxy */ = {
			isa = PBXContainerItemProxy;
			containerPortal = BA4DE00926518D9C004A4431 /* Project object */;
			proxyType = 1;
			remoteGlobalIDString = BA4DE01026518D9D004A4431;
			remoteInfo = githubPairsTest2;
		};
		BA4DE03626518DA6004A4431 /* PBXContainerItemProxy */ = {
			isa = PBXContainerItemProxy;
			containerPortal = BA4DE00926518D9C004A4431 /* Project object */;
			proxyType = 1;
			remoteGlobalIDString = BA4DE01026518D9D004A4431;
			remoteInfo = githubPairsTest2;
		};
/* End PBXContainerItemProxy section */

/* Begin PBXFileReference section */
		BA4DE01126518D9D004A4431 /* githubPairsTest2.app */ = {isa = PBXFileReference; explicitFileType = wrapper.application; includeInIndex = 0; path = githubPairsTest2.app; sourceTree = BUILT_PRODUCTS_DIR; };
		BA4DE01426518D9D004A4431 /* AppDelegate.swift */ = {isa = PBXFileReference; lastKnownFileType = sourcecode.swift; path = AppDelegate.swift; sourceTree = "<group>"; };
		BA4DE01626518D9D004A4431 /* SceneDelegate.swift */ = {isa = PBXFileReference; lastKnownFileType = sourcecode.swift; path = SceneDelegate.swift; sourceTree = "<group>"; };
		BA4DE01826518D9D004A4431 /* ViewController.swift */ = {isa = PBXFileReference; lastKnownFileType = sourcecode.swift; path = ViewController.swift; sourceTree = "<group>"; };
		BA4DE01B26518D9D004A4431 /* Base */ = {isa = PBXFileReference; lastKnownFileType = file.storyboard; name = Base; path = Base.lproj/Main.storyboard; sourceTree = "<group>"; };
		BA4DE01E26518D9D004A4431 /* githubPairsTest2.xcdatamodel */ = {isa = PBXFileReference; lastKnownFileType = wrapper.xcdatamodel; path = githubPairsTest2.xcdatamodel; sourceTree = "<group>"; };
		BA4DE02026518DA5004A4431 /* Assets.xcassets */ = {isa = PBXFileReference; lastKnownFileType = folder.assetcatalog; path = Assets.xcassets; sourceTree = "<group>"; };
		BA4DE02326518DA5004A4431 /* Base */ = {isa = PBXFileReference; lastKnownFileType = file.storyboard; name = Base; path = Base.lproj/LaunchScreen.storyboard; sourceTree = "<group>"; };
		BA4DE02526518DA5004A4431 /* Info.plist */ = {isa = PBXFileReference; lastKnownFileType = text.plist.xml; path = Info.plist; sourceTree = "<group>"; };
		BA4DE02A26518DA5004A4431 /* githubPairsTest2Tests.xctest */ = {isa = PBXFileReference; explicitFileType = wrapper.cfbundle; includeInIndex = 0; path = githubPairsTest2Tests.xctest; sourceTree = BUILT_PRODUCTS_DIR; };
		BA4DE02E26518DA5004A4431 /* githubPairsTest2Tests.swift */ = {isa = PBXFileReference; lastKnownFileType = sourcecode.swift; path = githubPairsTest2Tests.swift; sourceTree = "<group>"; };
		BA4DE03026518DA5004A4431 /* Info.plist */ = {isa = PBXFileReference; lastKnownFileType = text.plist.xml; path = Info.plist; sourceTree = "<group>"; };
		BA4DE03526518DA6004A4431 /* githubPairsTest2UITests.xctest */ = {isa = PBXFileReference; explicitFileType = wrapper.cfbundle; includeInIndex = 0; path = githubPairsTest2UITests.xctest; sourceTree = BUILT_PRODUCTS_DIR; };
		BA4DE03926518DA6004A4431 /* githubPairsTest2UITests.swift */ = {isa = PBXFileReference; lastKnownFileType = sourcecode.swift; path = githubPairsTest2UITests.swift; sourceTree = "<group>"; };
		BA4DE03B26518DA6004A4431 /* Info.plist */ = {isa = PBXFileReference; lastKnownFileType = text.plist.xml; path = Info.plist; sourceTree = "<group>"; };
/* End PBXFileReference section */

/* Begin PBXFrameworksBuildPhase section */
		BA4DE00E26518D9D004A4431 /* Frameworks */ = {
			isa = PBXFrameworksBuildPhase;
			buildActionMask = 2147483647;
			files = (
			);
			runOnlyForDeploymentPostprocessing = 0;
		};
		BA4DE02726518DA5004A4431 /* Frameworks */ = {
			isa = PBXFrameworksBuildPhase;
			buildActionMask = 2147483647;
			files = (
			);
			runOnlyForDeploymentPostprocessing = 0;
		};
		BA4DE03226518DA6004A4431 /* Frameworks */ = {
			isa = PBXFrameworksBuildPhase;
			buildActionMask = 2147483647;
			files = (
			);
			runOnlyForDeploymentPostprocessing = 0;
		};
/* End PBXFrameworksBuildPhase section */

/* Begin PBXGroup section */
		BA4DE00826518D9C004A4431 = {
			isa = PBXGroup;
			children = (
				BA4DE01326518D9D004A4431 /* githubPairsTest2 */,
				BA4DE02D26518DA5004A4431 /* githubPairsTest2Tests */,
				BA4DE03826518DA6004A4431 /* githubPairsTest2UITests */,
				BA4DE01226518D9D004A4431 /* Products */,
			);
			sourceTree = "<group>";
		};
		BA4DE01226518D9D004A4431 /* Products */ = {
			isa = PBXGroup;
			children = (
				BA4DE01126518D9D004A4431 /* githubPairsTest2.app */,
				BA4DE02A26518DA5004A4431 /* githubPairsTest2Tests.xctest */,
				BA4DE03526518DA6004A4431 /* githubPairsTest2UITests.xctest */,
			);
			name = Products;
			sourceTree = "<group>";
		};
		BA4DE01326518D9D004A4431 /* githubPairsTest2 */ = {
			isa = PBXGroup;
			children = (
				BA4DE01426518D9D004A4431 /* AppDelegate.swift */,
				BA4DE01626518D9D004A4431 /* SceneDelegate.swift */,
				BA4DE01826518D9D004A4431 /* ViewController.swift */,
				BA4DE01A26518D9D004A4431 /* Main.storyboard */,
				BA4DE02026518DA5004A4431 /* Assets.xcassets */,
				BA4DE02226518DA5004A4431 /* LaunchScreen.storyboard */,
				BA4DE02526518DA5004A4431 /* Info.plist */,
				BA4DE01D26518D9D004A4431 /* githubPairsTest2.xcdatamodeld */,
			);
			path = githubPairsTest2;
			sourceTree = "<group>";
		};
		BA4DE02D26518DA5004A4431 /* githubPairsTest2Tests */ = {
			isa = PBXGroup;
			children = (
				BA4DE02E26518DA5004A4431 /* githubPairsTest2Tests.swift */,
				BA4DE03026518DA5004A4431 /* Info.plist */,
			);
			path = githubPairsTest2Tests;
			sourceTree = "<group>";
		};
		BA4DE03826518DA6004A4431 /* githubPairsTest2UITests */ = {
			isa = PBXGroup;
			children = (
				BA4DE03926518DA6004A4431 /* githubPairsTest2UITests.swift */,
				BA4DE03B26518DA6004A4431 /* Info.plist */,
			);
			path = githubPairsTest2UITests;
			sourceTree = "<group>";
		};
/* End PBXGroup section */

/* Begin PBXNativeTarget section */
		BA4DE01026518D9D004A4431 /* githubPairsTest2 */ = {
			isa = PBXNativeTarget;
			buildConfigurationList = BA4DE03E26518DA6004A4431 /* Build configuration list for PBXNativeTarget "githubPairsTest2" */;
			buildPhases = (
				BA4DE00D26518D9D004A4431 /* Sources */,
				BA4DE00E26518D9D004A4431 /* Frameworks */,
				BA4DE00F26518D9D004A4431 /* Resources */,
			);
			buildRules = (
			);
			dependencies = (
			);
			name = githubPairsTest2;
			productName = githubPairsTest2;
			productReference = BA4DE01126518D9D004A4431 /* githubPairsTest2.app */;
			productType = "com.apple.product-type.application";
		};
		BA4DE02926518DA5004A4431 /* githubPairsTest2Tests */ = {
			isa = PBXNativeTarget;
			buildConfigurationList = BA4DE04126518DA6004A4431 /* Build configuration list for PBXNativeTarget "githubPairsTest2Tests" */;
			buildPhases = (
				BA4DE02626518DA5004A4431 /* Sources */,
				BA4DE02726518DA5004A4431 /* Frameworks */,
				BA4DE02826518DA5004A4431 /* Resources */,
			);
			buildRules = (
			);
			dependencies = (
				BA4DE02C26518DA5004A4431 /* PBXTargetDependency */,
			);
			name = githubPairsTest2Tests;
			productName = githubPairsTest2Tests;
			productReference = BA4DE02A26518DA5004A4431 /* githubPairsTest2Tests.xctest */;
			productType = "com.apple.product-type.bundle.unit-test";
		};
		BA4DE03426518DA6004A4431 /* githubPairsTest2UITests */ = {
			isa = PBXNativeTarget;
			buildConfigurationList = BA4DE04426518DA6004A4431 /* Build configuration list for PBXNativeTarget "githubPairsTest2UITests" */;
			buildPhases = (
				BA4DE03126518DA6004A4431 /* Sources */,
				BA4DE03226518DA6004A4431 /* Frameworks */,
				BA4DE03326518DA6004A4431 /* Resources */,
			);
			buildRules = (
			);
			dependencies = (
				BA4DE03726518DA6004A4431 /* PBXTargetDependency */,
			);
			name = githubPairsTest2UITests;
			productName = githubPairsTest2UITests;
			productReference = BA4DE03526518DA6004A4431 /* githubPairsTest2UITests.xctest */;
			productType = "com.apple.product-type.bundle.ui-testing";
		};
/* End PBXNativeTarget section */

/* Begin PBXProject section */
		BA4DE00926518D9C004A4431 /* Project object */ = {
			isa = PBXProject;
			attributes = {
				LastSwiftUpdateCheck = 1250;
				LastUpgradeCheck = 1250;
				TargetAttributes = {
					BA4DE01026518D9D004A4431 = {
						CreatedOnToolsVersion = 12.5;
					};
					BA4DE02926518DA5004A4431 = {
						CreatedOnToolsVersion = 12.5;
						TestTargetID = BA4DE01026518D9D004A4431;
					};
					BA4DE03426518DA6004A4431 = {
						CreatedOnToolsVersion = 12.5;
						TestTargetID = BA4DE01026518D9D004A4431;
					};
				};
			};
			buildConfigurationList = BA4DE00C26518D9C004A4431 /* Build configuration list for PBXProject "githubPairsTest2" */;
			compatibilityVersion = "Xcode 9.3";
			developmentRegion = en;
			hasScannedForEncodings = 0;
			knownRegions = (
				en,
				Base,
			);
			mainGroup = BA4DE00826518D9C004A4431;
			productRefGroup = BA4DE01226518D9D004A4431 /* Products */;
			projectDirPath = "";
			projectRoot = "";
			targets = (
				BA4DE01026518D9D004A4431 /* githubPairsTest2 */,
				BA4DE02926518DA5004A4431 /* githubPairsTest2Tests */,
				BA4DE03426518DA6004A4431 /* githubPairsTest2UITests */,
			);
		};
/* End PBXProject section */

/* Begin PBXResourcesBuildPhase section */
		BA4DE00F26518D9D004A4431 /* Resources */ = {
			isa = PBXResourcesBuildPhase;
			buildActionMask = 2147483647;
			files = (
				BA4DE02426518DA5004A4431 /* LaunchScreen.storyboard in Resources */,
				BA4DE02126518DA5004A4431 /* Assets.xcassets in Resources */,
				BA4DE01C26518D9D004A4431 /* Main.storyboard in Resources */,
			);
			runOnlyForDeploymentPostprocessing = 0;
		};
		BA4DE02826518DA5004A4431 /* Resources */ = {
			isa = PBXResourcesBuildPhase;
			buildActionMask = 2147483647;
			files = (
			);
			runOnlyForDeploymentPostprocessing = 0;
		};
		BA4DE03326518DA6004A4431 /* Resources */ = {
			isa = PBXResourcesBuildPhase;
			buildActionMask = 2147483647;
			files = (
			);
			runOnlyForDeploymentPostprocessing = 0;
		};
/* End PBXResourcesBuildPhase section */

/* Begin PBXSourcesBuildPhase section */
		BA4DE00D26518D9D004A4431 /* Sources */ = {
			isa = PBXSourcesBuildPhase;
			buildActionMask = 2147483647;
			files = (
				BA4DE01926518D9D004A4431 /* ViewController.swift in Sources */,
				BA4DE01F26518D9D004A4431 /* githubPairsTest2.xcdatamodeld in Sources */,
				BA4DE01526518D9D004A4431 /* AppDelegate.swift in Sources */,
				BA4DE01726518D9D004A4431 /* SceneDelegate.swift in Sources */,
			);
			runOnlyForDeploymentPostprocessing = 0;
		};
		BA4DE02626518DA5004A4431 /* Sources */ = {
			isa = PBXSourcesBuildPhase;
			buildActionMask = 2147483647;
			files = (
				BA4DE02F26518DA5004A4431 /* githubPairsTest2Tests.swift in Sources */,
			);
			runOnlyForDeploymentPostprocessing = 0;
		};
		BA4DE03126518DA6004A4431 /* Sources */ = {
			isa = PBXSourcesBuildPhase;
			buildActionMask = 2147483647;
			files = (
				BA4DE03A26518DA6004A4431 /* githubPairsTest2UITests.swift in Sources */,
			);
			runOnlyForDeploymentPostprocessing = 0;
		};
/* End PBXSourcesBuildPhase section */

/* Begin PBXTargetDependency section */
		BA4DE02C26518DA5004A4431 /* PBXTargetDependency */ = {
			isa = PBXTargetDependency;
			target = BA4DE01026518D9D004A4431 /* githubPairsTest2 */;
			targetProxy = BA4DE02B26518DA5004A4431 /* PBXContainerItemProxy */;
		};
		BA4DE03726518DA6004A4431 /* PBXTargetDependency */ = {
			isa = PBXTargetDependency;
			target = BA4DE01026518D9D004A4431 /* githubPairsTest2 */;
			targetProxy = BA4DE03626518DA6004A4431 /* PBXContainerItemProxy */;
		};
/* End PBXTargetDependency section */

/* Begin PBXVariantGroup section */
		BA4DE01A26518D9D004A4431 /* Main.storyboard */ = {
			isa = PBXVariantGroup;
			children = (
				BA4DE01B26518D9D004A4431 /* Base */,
			);
			name = Main.storyboard;
			sourceTree = "<group>";
		};
		BA4DE02226518DA5004A4431 /* LaunchScreen.storyboard */ = {
			isa = PBXVariantGroup;
			children = (
				BA4DE02326518DA5004A4431 /* Base */,
			);
			name = LaunchScreen.storyboard;
			sourceTree = "<group>";
		};
/* End PBXVariantGroup section */

/* Begin XCBuildConfiguration section */
		BA4DE03C26518DA6004A4431 /* Debug */ = {
			isa = XCBuildConfiguration;
			buildSettings = {
				ALWAYS_SEARCH_USER_PATHS = NO;
				CLANG_ANALYZER_NONNULL = YES;
				CLANG_ANALYZER_NUMBER_OBJECT_CONVERSION = YES_AGGRESSIVE;
				CLANG_CXX_LANGUAGE_STANDARD = "gnu++14";
				CLANG_CXX_LIBRARY = "libc++";
				CLANG_ENABLE_MODULES = YES;
				CLANG_ENABLE_OBJC_ARC = YES;
				CLANG_ENABLE_OBJC_WEAK = YES;
				CLANG_WARN_BLOCK_CAPTURE_AUTORELEASING = YES;
				CLANG_WARN_BOOL_CONVERSION = YES;
				CLANG_WARN_COMMA = YES;
				CLANG_WARN_CONSTANT_CONVERSION = YES;
				CLANG_WARN_DEPRECATED_OBJC_IMPLEMENTATIONS = YES;
				CLANG_WARN_DIRECT_OBJC_ISA_USAGE = YES_ERROR;
				CLANG_WARN_DOCUMENTATION_COMMENTS = YES;
				CLANG_WARN_EMPTY_BODY = YES;
				CLANG_WARN_ENUM_CONVERSION = YES;
				CLANG_WARN_INFINITE_RECURSION = YES;
				CLANG_WARN_INT_CONVERSION = YES;
				CLANG_WARN_NON_LITERAL_NULL_CONVERSION = YES;
				CLANG_WARN_OBJC_IMPLICIT_RETAIN_SELF = YES;
				CLANG_WARN_OBJC_LITERAL_CONVERSION = YES;
				CLANG_WARN_OBJC_ROOT_CLASS = YES_ERROR;
				CLANG_WARN_QUOTED_INCLUDE_IN_FRAMEWORK_HEADER = YES;
				CLANG_WARN_RANGE_LOOP_ANALYSIS = YES;
				CLANG_WARN_STRICT_PROTOTYPES = YES;
				CLANG_WARN_SUSPICIOUS_MOVE = YES;
				CLANG_WARN_UNGUARDED_AVAILABILITY = YES_AGGRESSIVE;
				CLANG_WARN_UNREACHABLE_CODE = YES;
				CLANG_WARN__DUPLICATE_METHOD_MATCH = YES;
				COPY_PHASE_STRIP = NO;
				DEBUG_INFORMATION_FORMAT = dwarf;
				ENABLE_STRICT_OBJC_MSGSEND = YES;
				ENABLE_TESTABILITY = YES;
				GCC_C_LANGUAGE_STANDARD = gnu11;
				GCC_DYNAMIC_NO_PIC = NO;
				GCC_NO_COMMON_BLOCKS = YES;
				GCC_OPTIMIZATION_LEVEL = 0;
				GCC_PREPROCESSOR_DEFINITIONS = (
					"DEBUG=1",
					"$(inherited)",
				);
				GCC_WARN_64_TO_32_BIT_CONVERSION = YES;
				GCC_WARN_ABOUT_RETURN_TYPE = YES_ERROR;
				GCC_WARN_UNDECLARED_SELECTOR = YES;
				GCC_WARN_UNINITIALIZED_AUTOS = YES_AGGRESSIVE;
				GCC_WARN_UNUSED_FUNCTION = YES;
				GCC_WARN_UNUSED_VARIABLE = YES;
				IPHONEOS_DEPLOYMENT_TARGET = 14.5;
				MTL_ENABLE_DEBUG_INFO = INCLUDE_SOURCE;
				MTL_FAST_MATH = YES;
				ONLY_ACTIVE_ARCH = YES;
				SDKROOT = iphoneos;
				SWIFT_ACTIVE_COMPILATION_CONDITIONS = DEBUG;
				SWIFT_OPTIMIZATION_LEVEL = "-Onone";
			};
			name = Debug;
		};
		BA4DE03D26518DA6004A4431 /* Release */ = {
			isa = XCBuildConfiguration;
			buildSettings = {
				ALWAYS_SEARCH_USER_PATHS = NO;
				CLANG_ANALYZER_NONNULL = YES;
				CLANG_ANALYZER_NUMBER_OBJECT_CONVERSION = YES_AGGRESSIVE;
				CLANG_CXX_LANGUAGE_STANDARD = "gnu++14";
				CLANG_CXX_LIBRARY = "libc++";
				CLANG_ENABLE_MODULES = YES;
				CLANG_ENABLE_OBJC_ARC = YES;
				CLANG_ENABLE_OBJC_WEAK = YES;
				CLANG_WARN_BLOCK_CAPTURE_AUTORELEASING = YES;
				CLANG_WARN_BOOL_CONVERSION = YES;
				CLANG_WARN_COMMA = YES;
				CLANG_WARN_CONSTANT_CONVERSION = YES;
				CLANG_WARN_DEPRECATED_OBJC_IMPLEMENTATIONS = YES;
				CLANG_WARN_DIRECT_OBJC_ISA_USAGE = YES_ERROR;
				CLANG_WARN_DOCUMENTATION_COMMENTS = YES;
				CLANG_WARN_EMPTY_BODY = YES;
				CLANG_WARN_ENUM_CONVERSION = YES;
				CLANG_WARN_INFINITE_RECURSION = YES;
				CLANG_WARN_INT_CONVERSION = YES;
				CLANG_WARN_NON_LITERAL_NULL_CONVERSION = YES;
				CLANG_WARN_OBJC_IMPLICIT_RETAIN_SELF = YES;
				CLANG_WARN_OBJC_LITERAL_CONVERSION = YES;
				CLANG_WARN_OBJC_ROOT_CLASS = YES_ERROR;
				CLANG_WARN_QUOTED_INCLUDE_IN_FRAMEWORK_HEADER = YES;
				CLANG_WARN_RANGE_LOOP_ANALYSIS = YES;
				CLANG_WARN_STRICT_PROTOTYPES = YES;
				CLANG_WARN_SUSPICIOUS_MOVE = YES;
				CLANG_WARN_UNGUARDED_AVAILABILITY = YES_AGGRESSIVE;
				CLANG_WARN_UNREACHABLE_CODE = YES;
				CLANG_WARN__DUPLICATE_METHOD_MATCH = YES;
				COPY_PHASE_STRIP = NO;
				DEBUG_INFORMATION_FORMAT = "dwarf-with-dsym";
				ENABLE_NS_ASSERTIONS = NO;
				ENABLE_STRICT_OBJC_MSGSEND = YES;
				GCC_C_LANGUAGE_STANDARD = gnu11;
				GCC_NO_COMMON_BLOCKS = YES;
				GCC_WARN_64_TO_32_BIT_CONVERSION = YES;
				GCC_WARN_ABOUT_RETURN_TYPE = YES_ERROR;
				GCC_WARN_UNDECLARED_SELECTOR = YES;
				GCC_WARN_UNINITIALIZED_AUTOS = YES_AGGRESSIVE;
				GCC_WARN_UNUSED_FUNCTION = YES;
				GCC_WARN_UNUSED_VARIABLE = YES;
				IPHONEOS_DEPLOYMENT_TARGET = 14.5;
				MTL_ENABLE_DEBUG_INFO = NO;
				MTL_FAST_MATH = YES;
				SDKROOT = iphoneos;
				SWIFT_COMPILATION_MODE = wholemodule;
				SWIFT_OPTIMIZATION_LEVEL = "-O";
				VALIDATE_PRODUCT = YES;
			};
			name = Release;
		};
		BA4DE03F26518DA6004A4431 /* Debug */ = {
			isa = XCBuildConfiguration;
			buildSettings = {
				ASSETCATALOG_COMPILER_APPICON_NAME = AppIcon;
				ASSETCATALOG_COMPILER_GLOBAL_ACCENT_COLOR_NAME = AccentColor;
				CODE_SIGN_STYLE = Automatic;
				DEVELOPMENT_TEAM = 64CLKR7423;
				INFOPLIST_FILE = githubPairsTest2/Info.plist;
				LD_RUNPATH_SEARCH_PATHS = (
					"$(inherited)",
					"@executable_path/Frameworks",
				);
				PRODUCT_BUNDLE_IDENTIFIER = JENNY.githubPairsTest2;
				PRODUCT_NAME = "$(TARGET_NAME)";
				SWIFT_VERSION = 5.0;
				TARGETED_DEVICE_FAMILY = "1,2";
			};
			name = Debug;
		};
		BA4DE04026518DA6004A4431 /* Release */ = {
			isa = XCBuildConfiguration;
			buildSettings = {
				ASSETCATALOG_COMPILER_APPICON_NAME = AppIcon;
				ASSETCATALOG_COMPILER_GLOBAL_ACCENT_COLOR_NAME = AccentColor;
				CODE_SIGN_STYLE = Automatic;
				DEVELOPMENT_TEAM = 64CLKR7423;
				INFOPLIST_FILE = githubPairsTest2/Info.plist;
				LD_RUNPATH_SEARCH_PATHS = (
					"$(inherited)",
					"@executable_path/Frameworks",
				);
				PRODUCT_BUNDLE_IDENTIFIER = JENNY.githubPairsTest2;
				PRODUCT_NAME = "$(TARGET_NAME)";
				SWIFT_VERSION = 5.0;
				TARGETED_DEVICE_FAMILY = "1,2";
			};
			name = Release;
		};
		BA4DE04226518DA6004A4431 /* Debug */ = {
			isa = XCBuildConfiguration;
			buildSettings = {
				ALWAYS_EMBED_SWIFT_STANDARD_LIBRARIES = YES;
				BUNDLE_LOADER = "$(TEST_HOST)";
				CODE_SIGN_STYLE = Automatic;
				DEVELOPMENT_TEAM = 64CLKR7423;
				INFOPLIST_FILE = githubPairsTest2Tests/Info.plist;
				IPHONEOS_DEPLOYMENT_TARGET = 14.5;
				LD_RUNPATH_SEARCH_PATHS = (
					"$(inherited)",
					"@executable_path/Frameworks",
					"@loader_path/Frameworks",
				);
				PRODUCT_BUNDLE_IDENTIFIER = JENNY.githubPairsTest2Tests;
				PRODUCT_NAME = "$(TARGET_NAME)";
				SWIFT_VERSION = 5.0;
				TARGETED_DEVICE_FAMILY = "1,2";
				TEST_HOST = "$(BUILT_PRODUCTS_DIR)/githubPairsTest2.app/githubPairsTest2";
			};
			name = Debug;
		};
		BA4DE04326518DA6004A4431 /* Release */ = {
			isa = XCBuildConfiguration;
			buildSettings = {
				ALWAYS_EMBED_SWIFT_STANDARD_LIBRARIES = YES;
				BUNDLE_LOADER = "$(TEST_HOST)";
				CODE_SIGN_STYLE = Automatic;
				DEVELOPMENT_TEAM = 64CLKR7423;
				INFOPLIST_FILE = githubPairsTest2Tests/Info.plist;
				IPHONEOS_DEPLOYMENT_TARGET = 14.5;
				LD_RUNPATH_SEARCH_PATHS = (
					"$(inherited)",
					"@executable_path/Frameworks",
					"@loader_path/Frameworks",
				);
				PRODUCT_BUNDLE_IDENTIFIER = JENNY.githubPairsTest2Tests;
				PRODUCT_NAME = "$(TARGET_NAME)";
				SWIFT_VERSION = 5.0;
				TARGETED_DEVICE_FAMILY = "1,2";
				TEST_HOST = "$(BUILT_PRODUCTS_DIR)/githubPairsTest2.app/githubPairsTest2";
			};
			name = Release;
		};
		BA4DE04526518DA6004A4431 /* Debug */ = {
			isa = XCBuildConfiguration;
			buildSettings = {
				ALWAYS_EMBED_SWIFT_STANDARD_LIBRARIES = YES;
				CODE_SIGN_STYLE = Automatic;
				DEVELOPMENT_TEAM = 64CLKR7423;
				INFOPLIST_FILE = githubPairsTest2UITests/Info.plist;
				LD_RUNPATH_SEARCH_PATHS = (
					"$(inherited)",
					"@executable_path/Frameworks",
					"@loader_path/Frameworks",
				);
				PRODUCT_BUNDLE_IDENTIFIER = JENNY.githubPairsTest2UITests;
				PRODUCT_NAME = "$(TARGET_NAME)";
				SWIFT_VERSION = 5.0;
				TARGETED_DEVICE_FAMILY = "1,2";
				TEST_TARGET_NAME = githubPairsTest2;
			};
			name = Debug;
		};
		BA4DE04626518DA6004A4431 /* Release */ = {
			isa = XCBuildConfiguration;
			buildSettings = {
				ALWAYS_EMBED_SWIFT_STANDARD_LIBRARIES = YES;
				CODE_SIGN_STYLE = Automatic;
				DEVELOPMENT_TEAM = 64CLKR7423;
				INFOPLIST_FILE = githubPairsTest2UITests/Info.plist;
				LD_RUNPATH_SEARCH_PATHS = (
					"$(inherited)",
					"@executable_path/Frameworks",
					"@loader_path/Frameworks",
				);
				PRODUCT_BUNDLE_IDENTIFIER = JENNY.githubPairsTest2UITests;
				PRODUCT_NAME = "$(TARGET_NAME)";
				SWIFT_VERSION = 5.0;
				TARGETED_DEVICE_FAMILY = "1,2";
				TEST_TARGET_NAME = githubPairsTest2;
			};
			name = Release;
		};
/* End XCBuildConfiguration section */

/* Begin XCConfigurationList section */
		BA4DE00C26518D9C004A4431 /* Build configuration list for PBXProject "githubPairsTest2" */ = {
			isa = XCConfigurationList;
			buildConfigurations = (
				BA4DE03C26518DA6004A4431 /* Debug */,
				BA4DE03D26518DA6004A4431 /* Release */,
			);
			defaultConfigurationIsVisible = 0;
			defaultConfigurationName = Release;
		};
		BA4DE03E26518DA6004A4431 /* Build configuration list for PBXNativeTarget "githubPairsTest2" */ = {
			isa = XCConfigurationList;
			buildConfigurations = (
				BA4DE03F26518DA6004A4431 /* Debug */,
				BA4DE04026518DA6004A4431 /* Release */,
			);
			defaultConfigurationIsVisible = 0;
			defaultConfigurationName = Release;
		};
		BA4DE04126518DA6004A4431 /* Build configuration list for PBXNativeTarget "githubPairsTest2Tests" */ = {
			isa = XCConfigurationList;
			buildConfigurations = (
				BA4DE04226518DA6004A4431 /* Debug */,
				BA4DE04326518DA6004A4431 /* Release */,
			);
			defaultConfigurationIsVisible = 0;
			defaultConfigurationName = Release;
		};
		BA4DE04426518DA6004A4431 /* Build configuration list for PBXNativeTarget "githubPairsTest2UITests" */ = {
			isa = XCConfigurationList;
			buildConfigurations = (
				BA4DE04526518DA6004A4431 /* Debug */,
				BA4DE04626518DA6004A4431 /* Release */,
			);
			defaultConfigurationIsVisible = 0;
			defaultConfigurationName = Release;
		};
/* End XCConfigurationList section */

/* Begin XCVersionGroup section */
		BA4DE01D26518D9D004A4431 /* githubPairsTest2.xcdatamodeld */ = {
			isa = XCVersionGroup;
			children = (
				BA4DE01E26518D9D004A4431 /* githubPairsTest2.xcdatamodel */,
			);
			currentVersion = BA4DE01E26518D9D004A4431 /* githubPairsTest2.xcdatamodel */;
			path = githubPairsTest2.xcdatamodeld;
			sourceTree = "<group>";
			versionGroupType = wrapper.xcdatamodel;
		};
/* End XCVersionGroup section */
	};
	rootObject = BA4DE00926518D9C004A4431 /* Project object */;
}
